
Microsoft Visual Studio Solution File, Format Version 12.00
# Visual Studio Version 17
VisualStudioVersion = 17.5.33516.290
MinimumVisualStudioVersion = 10.0.40219.1
Project("{9A19103F-16F7-4668-BE54-9A1E7A4F7556}") = "ApiServer", "ApiServer\ApiServer.csproj", "{5AB190D7-E354-40FF-81D8-87CA20AB9015}"
EndProject
Project("{9A19103F-16F7-4668-BE54-9A1E7A4F7556}") = "Shared.Model", "Shared.Model\Shared.Model.csproj", "{2C2CDCB8-A9C4-4F90-AEE5-3A1457B7D4A2}"
EndProject
Project("{9A19103F-16F7-4668-BE54-9A1E7A4F7556}") = "Infrastructure", "Infrastructure\Infrastructure.csproj", "{18A4E619-97C9-472D-B443-AD6456698587}"
EndProject
Project("{9A19103F-16F7-4668-BE54-9A1E7A4F7556}") = "Application", "Application\Application.csproj", "{2B63D41A-498D-4242-990D-FC40F7331AFE}"
EndProject
Project("{9A19103F-16F7-4668-BE54-9A1E7A4F7556}") = "Infrastructure.Workstation", "Infrastructure.Workstation\Infrastructure.Workstation.csproj", "{184FE02B-60AB-41AF-AE34-C89C322821E9}"
EndProject
Project("{9A19103F-16F7-4668-BE54-9A1E7A4F7556}") = "Domain", "Domain\Domain.csproj", "{F9EACF92-EE07-4F4B-A0F4-942E7C4D7446}"
EndProject
Project("{9A19103F-16F7-4668-BE54-9A1E7A4F7556}") = "ApiServerTests", "ApiServerTests\ApiServerTests.csproj", "{DB0AC70E-EED2-4802-8AA4-A1416769E47D}"
EndProject
Project("{2150E333-8FDC-42A3-9474-1A3956D46DE8}") = "Server", "Server", "{701DD272-BB7F-4C43-88B6-B0D7F843E102}"
EndProject
Project("{2150E333-8FDC-42A3-9474-1A3956D46DE8}") = "WinClient", "WinClient", "{33761BC4-AA57-486D-89B4-CCFBA4E93328}"
EndProject
Project("{2150E333-8FDC-42A3-9474-1A3956D46DE8}") = "Shared", "Shared", "{92F43BB5-9A76-4751-9446-9A3B14E824B1}"
EndProject
Project("{2150E333-8FDC-42A3-9474-1A3956D46DE8}") = "Tests", "Tests", "{2C79049C-192F-4AE0-9133-8B1423E85C8A}"
EndProject
Project("{2150E333-8FDC-42A3-9474-1A3956D46DE8}") = "Source", "Source", "{BCEF4258-95F0-4C1F-A1BD-DE02AC37B2EA}"
EndProject
Project("{9A19103F-16F7-4668-BE54-9A1E7A4F7556}") = "Shared.PosRestClient", "Shared.PosRestClient\Shared.PosRestClient.csproj", "{C6957FC4-7C9B-4868-861C-10B6F6D2F756}"
EndProject
Project("{FAE04EC0-301F-11D3-BF4B-00C04F79EFBC}") = "PosWindowsClient", "PosWindowsClient\PosWindowsClient.csproj", "{8FBDBB84-1FE5-4FCE-B29C-4E5E838AB624}"
EndProject
Global
	GlobalSection(SolutionConfigurationPlatforms) = preSolution
		Debug|Any CPU = Debug|Any CPU
		Release|Any CPU = Release|Any CPU
	EndGlobalSection
	GlobalSection(ProjectConfigurationPlatforms) = postSolution
		{5AB190D7-E354-40FF-81D8-87CA20AB9015}.Debug|Any CPU.ActiveCfg = Debug|Any CPU
		{5AB190D7-E354-40FF-81D8-87CA20AB9015}.Debug|Any CPU.Build.0 = Debug|Any CPU
		{5AB190D7-E354-40FF-81D8-87CA20AB9015}.Release|Any CPU.ActiveCfg = Release|Any CPU
		{5AB190D7-E354-40FF-81D8-87CA20AB9015}.Release|Any CPU.Build.0 = Release|Any CPU
		{2C2CDCB8-A9C4-4F90-AEE5-3A1457B7D4A2}.Debug|Any CPU.ActiveCfg = Debug|Any CPU
		{2C2CDCB8-A9C4-4F90-AEE5-3A1457B7D4A2}.Debug|Any CPU.Build.0 = Debug|Any CPU
		{2C2CDCB8-A9C4-4F90-AEE5-3A1457B7D4A2}.Release|Any CPU.ActiveCfg = Release|Any CPU
		{2C2CDCB8-A9C4-4F90-AEE5-3A1457B7D4A2}.Release|Any CPU.Build.0 = Release|Any CPU
		{18A4E619-97C9-472D-B443-AD6456698587}.Debug|Any CPU.ActiveCfg = Debug|Any CPU
		{18A4E619-97C9-472D-B443-AD6456698587}.Debug|Any CPU.Build.0 = Debug|Any CPU
		{18A4E619-97C9-472D-B443-AD6456698587}.Release|Any CPU.ActiveCfg = Release|Any CPU
		{18A4E619-97C9-472D-B443-AD6456698587}.Release|Any CPU.Build.0 = Release|Any CPU
		{2B63D41A-498D-4242-990D-FC40F7331AFE}.Debug|Any CPU.ActiveCfg = Debug|Any CPU
		{2B63D41A-498D-4242-990D-FC40F7331AFE}.Debug|Any CPU.Build.0 = Debug|Any CPU
		{2B63D41A-498D-4242-990D-FC40F7331AFE}.Release|Any CPU.ActiveCfg = Release|Any CPU
		{2B63D41A-498D-4242-990D-FC40F7331AFE}.Release|Any CPU.Build.0 = Release|Any CPU
		{184FE02B-60AB-41AF-AE34-C89C322821E9}.Debug|Any CPU.ActiveCfg = Debug|Any CPU
		{184FE02B-60AB-41AF-AE34-C89C322821E9}.Debug|Any CPU.Build.0 = Debug|Any CPU
		{184FE02B-60AB-41AF-AE34-C89C322821E9}.Release|Any CPU.ActiveCfg = Release|Any CPU
		{184FE02B-60AB-41AF-AE34-C89C322821E9}.Release|Any CPU.Build.0 = Release|Any CPU
		{F9EACF92-EE07-4F4B-A0F4-942E7C4D7446}.Debug|Any CPU.ActiveCfg = Debug|Any CPU
		{F9EACF92-EE07-4F4B-A0F4-942E7C4D7446}.Debug|Any CPU.Build.0 = Debug|Any CPU
		{F9EACF92-EE07-4F4B-A0F4-942E7C4D7446}.Release|Any CPU.ActiveCfg = Release|Any CPU
		{F9EACF92-EE07-4F4B-A0F4-942E7C4D7446}.Release|Any CPU.Build.0 = Release|Any CPU
		{DB0AC70E-EED2-4802-8AA4-A1416769E47D}.Debug|Any CPU.ActiveCfg = Debug|Any CPU
		{DB0AC70E-EED2-4802-8AA4-A1416769E47D}.Debug|Any CPU.Build.0 = Debug|Any CPU
		{DB0AC70E-EED2-4802-8AA4-A1416769E47D}.Release|Any CPU.ActiveCfg = Release|Any CPU
		{DB0AC70E-EED2-4802-8AA4-A1416769E47D}.Release|Any CPU.Build.0 = Release|Any CPU
		{C6957FC4-7C9B-4868-861C-10B6F6D2F756}.Debug|Any CPU.ActiveCfg = Debug|Any CPU
		{C6957FC4-7C9B-4868-861C-10B6F6D2F756}.Debug|Any CPU.Build.0 = Debug|Any CPU
		{C6957FC4-7C9B-4868-861C-10B6F6D2F756}.Release|Any CPU.ActiveCfg = Release|Any CPU
		{C6957FC4-7C9B-4868-861C-10B6F6D2F756}.Release|Any CPU.Build.0 = Release|Any CPU
		{8FBDBB84-1FE5-4FCE-B29C-4E5E838AB624}.Debug|Any CPU.ActiveCfg = Debug|Any CPU
		{8FBDBB84-1FE5-4FCE-B29C-4E5E838AB624}.Debug|Any CPU.Build.0 = Debug|Any CPU
		{8FBDBB84-1FE5-4FCE-B29C-4E5E838AB624}.Release|Any CPU.ActiveCfg = Release|Any CPU
		{8FBDBB84-1FE5-4FCE-B29C-4E5E838AB624}.Release|Any CPU.Build.0 = Release|Any CPU
	EndGlobalSection
	GlobalSection(SolutionProperties) = preSolution
		HideSolutionNode = FALSE
	EndGlobalSection
	GlobalSection(NestedProjects) = preSolution
		{5AB190D7-E354-40FF-81D8-87CA20AB9015} = {701DD272-BB7F-4C43-88B6-B0D7F843E102}
		{2C2CDCB8-A9C4-4F90-AEE5-3A1457B7D4A2} = {92F43BB5-9A76-4751-9446-9A3B14E824B1}
		{18A4E619-97C9-472D-B443-AD6456698587} = {701DD272-BB7F-4C43-88B6-B0D7F843E102}
		{2B63D41A-498D-4242-990D-FC40F7331AFE} = {701DD272-BB7F-4C43-88B6-B0D7F843E102}
		{184FE02B-60AB-41AF-AE34-C89C322821E9} = {701DD272-BB7F-4C43-88B6-B0D7F843E102}
		{F9EACF92-EE07-4F4B-A0F4-942E7C4D7446} = {701DD272-BB7F-4C43-88B6-B0D7F843E102}
		{DB0AC70E-EED2-4802-8AA4-A1416769E47D} = {2C79049C-192F-4AE0-9133-8B1423E85C8A}
		{701DD272-BB7F-4C43-88B6-B0D7F843E102} = {BCEF4258-95F0-4C1F-A1BD-DE02AC37B2EA}
		{33761BC4-AA57-486D-89B4-CCFBA4E93328} = {BCEF4258-95F0-4C1F-A1BD-DE02AC37B2EA}
		{92F43BB5-9A76-4751-9446-9A3B14E824B1} = {BCEF4258-95F0-4C1F-A1BD-DE02AC37B2EA}
		{C6957FC4-7C9B-4868-861C-10B6F6D2F756} = {92F43BB5-9A76-4751-9446-9A3B14E824B1}
		{8FBDBB84-1FE5-4FCE-B29C-4E5E838AB624} = {33761BC4-AA57-486D-89B4-CCFBA4E93328}
	EndGlobalSection
	GlobalSection(ExtensibilityGlobals) = postSolution
		SolutionGuid = {B733440C-FF7E-4123-B213-30B0FCF65DBA}
	EndGlobalSection
EndGlobal
